
Microsoft Visual Studio Solution File, Format Version 12.00
# Visual Studio Version 17
VisualStudioVersion = 17.1.32210.238
MinimumVisualStudioVersion = 10.0.40219.1
Project("{FAE04EC0-301F-11D3-BF4B-00C04F79EFBC}") = "CafeTests", "CafeTests\CafeTests.csproj", "{65DF3F17-FCF0-4AEA-B423-E162D52696A8}"
EndProject
Project("{FAE04EC0-301F-11D3-BF4B-00C04F79EFBC}") = "CafeRepository", "CafeRepository\CafeRepository.csproj", "{1774DF2D-8CE2-466A-81F6-42FDA8D4C8D6}"
EndProject
Project("{FAE04EC0-301F-11D3-BF4B-00C04F79EFBC}") = "CafeApp", "CafeApp\CafeApp.csproj", "{1A6DBDD2-3F35-4405-BA27-B47695E66C3E}"
EndProject
Project("{FAE04EC0-301F-11D3-BF4B-00C04F79EFBC}") = "OutingsApp", "Outings App\OutingsApp.csproj", "{FEA3745D-F30D-4112-8AC5-B231A7DE1FDB}"
EndProject
Project("{FAE04EC0-301F-11D3-BF4B-00C04F79EFBC}") = "OutingRepository", "OutingsRepository\OutingRepository.csproj", "{749C4509-3319-4848-B73A-6CF5F3E8935E}"
EndProject
Project("{FAE04EC0-301F-11D3-BF4B-00C04F79EFBC}") = "OutingsTests", "OutingsTests\OutingsTests.csproj", "{BDFA1D36-DB26-4BFB-9FBD-3D11EF9C4E96}"
EndProject
Project("{FAE04EC0-301F-11D3-BF4B-00C04F79EFBC}") = "BadgeTests", "BadgeTests\BadgeTests.csproj", "{43C0CD1F-6D33-4AB0-AB00-01B478C3D412}"
EndProject
Project("{FAE04EC0-301F-11D3-BF4B-00C04F79EFBC}") = "BadgeApp", "BadgeApp\BadgeApp.csproj", "{EBCB3A89-9A20-413E-9637-567D5454A3CD}"
EndProject
Project("{FAE04EC0-301F-11D3-BF4B-00C04F79EFBC}") = "BadgeRepository", "BadgeRepository\BadgeRepository.csproj", "{2FCC02AE-82E9-400E-B9AE-E1513916C806}"
EndProject
Project("{2150E333-8FDC-42A3-9474-1A3956D46DE8}") = "Badge", "Badge", "{19F86A9E-F75E-4F53-B852-29E3BD8ACD65}"
EndProject
Project("{2150E333-8FDC-42A3-9474-1A3956D46DE8}") = "Cafe", "Cafe", "{DF1DF9D5-EE19-4C64-923A-E84F2FBB8B12}"
EndProject
Project("{2150E333-8FDC-42A3-9474-1A3956D46DE8}") = "Outings", "Outings", "{82385307-A009-431E-AE79-38B0D963AD4D}"
EndProject
Global
	GlobalSection(SolutionConfigurationPlatforms) = preSolution
		Debug|Any CPU = Debug|Any CPU
		Release|Any CPU = Release|Any CPU
	EndGlobalSection
	GlobalSection(ProjectConfigurationPlatforms) = postSolution
		{65DF3F17-FCF0-4AEA-B423-E162D52696A8}.Debug|Any CPU.ActiveCfg = Debug|Any CPU
		{65DF3F17-FCF0-4AEA-B423-E162D52696A8}.Debug|Any CPU.Build.0 = Debug|Any CPU
		{65DF3F17-FCF0-4AEA-B423-E162D52696A8}.Release|Any CPU.ActiveCfg = Release|Any CPU
		{65DF3F17-FCF0-4AEA-B423-E162D52696A8}.Release|Any CPU.Build.0 = Release|Any CPU
		{1774DF2D-8CE2-466A-81F6-42FDA8D4C8D6}.Debug|Any CPU.ActiveCfg = Debug|Any CPU
		{1774DF2D-8CE2-466A-81F6-42FDA8D4C8D6}.Debug|Any CPU.Build.0 = Debug|Any CPU
		{1774DF2D-8CE2-466A-81F6-42FDA8D4C8D6}.Release|Any CPU.ActiveCfg = Release|Any CPU
		{1774DF2D-8CE2-466A-81F6-42FDA8D4C8D6}.Release|Any CPU.Build.0 = Release|Any CPU
		{1A6DBDD2-3F35-4405-BA27-B47695E66C3E}.Debug|Any CPU.ActiveCfg = Debug|Any CPU
		{1A6DBDD2-3F35-4405-BA27-B47695E66C3E}.Debug|Any CPU.Build.0 = Debug|Any CPU
		{1A6DBDD2-3F35-4405-BA27-B47695E66C3E}.Release|Any CPU.ActiveCfg = Release|Any CPU
		{1A6DBDD2-3F35-4405-BA27-B47695E66C3E}.Release|Any CPU.Build.0 = Release|Any CPU
		{FEA3745D-F30D-4112-8AC5-B231A7DE1FDB}.Debug|Any CPU.ActiveCfg = Debug|Any CPU
		{FEA3745D-F30D-4112-8AC5-B231A7DE1FDB}.Debug|Any CPU.Build.0 = Debug|Any CPU
		{FEA3745D-F30D-4112-8AC5-B231A7DE1FDB}.Release|Any CPU.ActiveCfg = Release|Any CPU
		{FEA3745D-F30D-4112-8AC5-B231A7DE1FDB}.Release|Any CPU.Build.0 = Release|Any CPU
		{749C4509-3319-4848-B73A-6CF5F3E8935E}.Debug|Any CPU.ActiveCfg = Debug|Any CPU
		{749C4509-3319-4848-B73A-6CF5F3E8935E}.Debug|Any CPU.Build.0 = Debug|Any CPU
		{749C4509-3319-4848-B73A-6CF5F3E8935E}.Release|Any CPU.ActiveCfg = Release|Any CPU
		{749C4509-3319-4848-B73A-6CF5F3E8935E}.Release|Any CPU.Build.0 = Release|Any CPU
		{BDFA1D36-DB26-4BFB-9FBD-3D11EF9C4E96}.Debug|Any CPU.ActiveCfg = Debug|Any CPU
		{BDFA1D36-DB26-4BFB-9FBD-3D11EF9C4E96}.Debug|Any CPU.Build.0 = Debug|Any CPU
		{BDFA1D36-DB26-4BFB-9FBD-3D11EF9C4E96}.Release|Any CPU.ActiveCfg = Release|Any CPU
		{BDFA1D36-DB26-4BFB-9FBD-3D11EF9C4E96}.Release|Any CPU.Build.0 = Release|Any CPU
		{43C0CD1F-6D33-4AB0-AB00-01B478C3D412}.Debug|Any CPU.ActiveCfg = Debug|Any CPU
		{43C0CD1F-6D33-4AB0-AB00-01B478C3D412}.Debug|Any CPU.Build.0 = Debug|Any CPU
		{43C0CD1F-6D33-4AB0-AB00-01B478C3D412}.Release|Any CPU.ActiveCfg = Release|Any CPU
		{43C0CD1F-6D33-4AB0-AB00-01B478C3D412}.Release|Any CPU.Build.0 = Release|Any CPU
		{EBCB3A89-9A20-413E-9637-567D5454A3CD}.Debug|Any CPU.ActiveCfg = Debug|Any CPU
		{EBCB3A89-9A20-413E-9637-567D5454A3CD}.Debug|Any CPU.Build.0 = Debug|Any CPU
		{EBCB3A89-9A20-413E-9637-567D5454A3CD}.Release|Any CPU.ActiveCfg = Release|Any CPU
		{EBCB3A89-9A20-413E-9637-567D5454A3CD}.Release|Any CPU.Build.0 = Release|Any CPU
		{2FCC02AE-82E9-400E-B9AE-E1513916C806}.Debug|Any CPU.ActiveCfg = Debug|Any CPU
		{2FCC02AE-82E9-400E-B9AE-E1513916C806}.Debug|Any CPU.Build.0 = Debug|Any CPU
		{2FCC02AE-82E9-400E-B9AE-E1513916C806}.Release|Any CPU.ActiveCfg = Release|Any CPU
		{2FCC02AE-82E9-400E-B9AE-E1513916C806}.Release|Any CPU.Build.0 = Release|Any CPU
	EndGlobalSection
	GlobalSection(SolutionProperties) = preSolution
		HideSolutionNode = FALSE
	EndGlobalSection
	GlobalSection(NestedProjects) = preSolution
		{65DF3F17-FCF0-4AEA-B423-E162D52696A8} = {DF1DF9D5-EE19-4C64-923A-E84F2FBB8B12}
		{1774DF2D-8CE2-466A-81F6-42FDA8D4C8D6} = {DF1DF9D5-EE19-4C64-923A-E84F2FBB8B12}
		{1A6DBDD2-3F35-4405-BA27-B47695E66C3E} = {DF1DF9D5-EE19-4C64-923A-E84F2FBB8B12}
		{FEA3745D-F30D-4112-8AC5-B231A7DE1FDB} = {82385307-A009-431E-AE79-38B0D963AD4D}
		{749C4509-3319-4848-B73A-6CF5F3E8935E} = {82385307-A009-431E-AE79-38B0D963AD4D}
		{BDFA1D36-DB26-4BFB-9FBD-3D11EF9C4E96} = {82385307-A009-431E-AE79-38B0D963AD4D}
		{43C0CD1F-6D33-4AB0-AB00-01B478C3D412} = {19F86A9E-F75E-4F53-B852-29E3BD8ACD65}
		{EBCB3A89-9A20-413E-9637-567D5454A3CD} = {19F86A9E-F75E-4F53-B852-29E3BD8ACD65}
		{2FCC02AE-82E9-400E-B9AE-E1513916C806} = {19F86A9E-F75E-4F53-B852-29E3BD8ACD65}
	EndGlobalSection
	GlobalSection(ExtensibilityGlobals) = postSolution
		SolutionGuid = {06296A03-B085-4FCC-A0B0-DACAC4D63C45}
	EndGlobalSection
EndGlobal
